
Microsoft Visual Studio Solution File, Format Version 12.00
# Visual Studio Version 17
VisualStudioVersion = 17.0.32014.148
MinimumVisualStudioVersion = 10.0.40219.1
Project("{9A19103F-16F7-4668-BE54-9A1E7A4F7556}") = "Task6.1", "Task6.1\Task6.1.csproj", "{8F5F5095-8E64-4AC9-83E1-C64408959DCE}"
EndProject
Project("{9A19103F-16F7-4668-BE54-9A1E7A4F7556}") = "Task6.2", "Task6.2\Task6.2.csproj", "{64547C7B-6ADB-47DC-B6A6-8067E06C3EAE}"
EndProject
Project("{9A19103F-16F7-4668-BE54-9A1E7A4F7556}") = "Task6.5", "Task6.5\Task6.5.csproj", "{AEDDE0C9-789F-49DA-8BC2-3AC1178F9238}"
EndProject
Project("{9A19103F-16F7-4668-BE54-9A1E7A4F7556}") = "Task6.6", "Task6.6\Task6.6.csproj", "{524A29F9-A6F6-4951-A860-91B1D672FBFA}"
EndProject
Project("{9A19103F-16F7-4668-BE54-9A1E7A4F7556}") = "Task6.7", "Task6.7\Task6.7.csproj", "{ED9DBE8E-6D82-4BEB-A1D3-928157275CD0}"
EndProject
Project("{9A19103F-16F7-4668-BE54-9A1E7A4F7556}") = "TEST", "TEST\TEST.csproj", "{7BE1E339-E3F6-459D-80B0-7EA5C627AE1A}"
EndProject
Project("{9A19103F-16F7-4668-BE54-9A1E7A4F7556}") = "Task6.8", "Task6.8\Task6.8.csproj", "{EC74B5D5-503D-4360-A47B-6B608617F8C0}"
EndProject
Project("{9A19103F-16F7-4668-BE54-9A1E7A4F7556}") = "Task6.9", "Task6.9\Task6.9.csproj", "{C9DCE57D-2641-4082-9625-1F48C539BC78}"
EndProject
Project("{9A19103F-16F7-4668-BE54-9A1E7A4F7556}") = "Task6.4", "Task6.4\Task6.4.csproj", "{16141F55-89F3-4B15-B0AC-58E78262C133}"
EndProject
Project("{9A19103F-16F7-4668-BE54-9A1E7A4F7556}") = "Task6.10", "Task6.10\Task6.10.csproj", "{F359DA98-7EC8-4FC7-B4EA-C416173928DF}"
EndProject
Project("{9A19103F-16F7-4668-BE54-9A1E7A4F7556}") = "Task6.11", "Task6.11\Task6.11.csproj", "{D2477E30-3E24-4523-B4A9-2102AB733E25}"
EndProject
Project("{9A19103F-16F7-4668-BE54-9A1E7A4F7556}") = "Task6.12", "Task6.12\Task6.12.csproj", "{D8F450A6-95EF-4FD0-B585-9ED2449F78B1}"
EndProject
Project("{FAE04EC0-301F-11D3-BF4B-00C04F79EFBC}") = "Task6.13", "Task6.13\Task6.13.csproj", "{0C1C7FE4-9B9D-422B-94A9-C58570299EBD}"
EndProject
Project("{FAE04EC0-301F-11D3-BF4B-00C04F79EFBC}") = "Task6.14", "Task6.14\Task6.14.csproj", "{D4637465-6D60-4D7B-B59D-CBEDC717BF67}"
EndProject
Project("{FAE04EC0-301F-11D3-BF4B-00C04F79EFBC}") = "Task.6.15", "Task.6.15\Task.6.15.csproj", "{F26793D8-5F4E-4CEB-9C3F-75259C0F7AD7}"
EndProject
Project("{FAE04EC0-301F-11D3-BF4B-00C04F79EFBC}") = "Task2.3", "Task2.3\Task2.3.csproj", "{BCCBA987-C0AD-4F7F-963B-B18EAFAD1033}"
EndProject
Global
	GlobalSection(SolutionConfigurationPlatforms) = preSolution
		Debug|Any CPU = Debug|Any CPU
		Release|Any CPU = Release|Any CPU
	EndGlobalSection
	GlobalSection(ProjectConfigurationPlatforms) = postSolution
		{8F5F5095-8E64-4AC9-83E1-C64408959DCE}.Debug|Any CPU.ActiveCfg = Debug|Any CPU
		{8F5F5095-8E64-4AC9-83E1-C64408959DCE}.Debug|Any CPU.Build.0 = Debug|Any CPU
		{8F5F5095-8E64-4AC9-83E1-C64408959DCE}.Release|Any CPU.ActiveCfg = Release|Any CPU
		{8F5F5095-8E64-4AC9-83E1-C64408959DCE}.Release|Any CPU.Build.0 = Release|Any CPU
		{64547C7B-6ADB-47DC-B6A6-8067E06C3EAE}.Debug|Any CPU.ActiveCfg = Debug|Any CPU
		{64547C7B-6ADB-47DC-B6A6-8067E06C3EAE}.Debug|Any CPU.Build.0 = Debug|Any CPU
		{64547C7B-6ADB-47DC-B6A6-8067E06C3EAE}.Release|Any CPU.ActiveCfg = Release|Any CPU
		{64547C7B-6ADB-47DC-B6A6-8067E06C3EAE}.Release|Any CPU.Build.0 = Release|Any CPU
		{AEDDE0C9-789F-49DA-8BC2-3AC1178F9238}.Debug|Any CPU.ActiveCfg = Debug|Any CPU
		{AEDDE0C9-789F-49DA-8BC2-3AC1178F9238}.Debug|Any CPU.Build.0 = Debug|Any CPU
		{AEDDE0C9-789F-49DA-8BC2-3AC1178F9238}.Release|Any CPU.ActiveCfg = Release|Any CPU
		{AEDDE0C9-789F-49DA-8BC2-3AC1178F9238}.Release|Any CPU.Build.0 = Release|Any CPU
		{524A29F9-A6F6-4951-A860-91B1D672FBFA}.Debug|Any CPU.ActiveCfg = Debug|Any CPU
		{524A29F9-A6F6-4951-A860-91B1D672FBFA}.Debug|Any CPU.Build.0 = Debug|Any CPU
		{524A29F9-A6F6-4951-A860-91B1D672FBFA}.Release|Any CPU.ActiveCfg = Release|Any CPU
		{524A29F9-A6F6-4951-A860-91B1D672FBFA}.Release|Any CPU.Build.0 = Release|Any CPU
		{ED9DBE8E-6D82-4BEB-A1D3-928157275CD0}.Debug|Any CPU.ActiveCfg = Debug|Any CPU
		{ED9DBE8E-6D82-4BEB-A1D3-928157275CD0}.Debug|Any CPU.Build.0 = Debug|Any CPU
		{ED9DBE8E-6D82-4BEB-A1D3-928157275CD0}.Release|Any CPU.ActiveCfg = Release|Any CPU
		{ED9DBE8E-6D82-4BEB-A1D3-928157275CD0}.Release|Any CPU.Build.0 = Release|Any CPU
		{7BE1E339-E3F6-459D-80B0-7EA5C627AE1A}.Debug|Any CPU.ActiveCfg = Debug|Any CPU
		{7BE1E339-E3F6-459D-80B0-7EA5C627AE1A}.Debug|Any CPU.Build.0 = Debug|Any CPU
		{7BE1E339-E3F6-459D-80B0-7EA5C627AE1A}.Release|Any CPU.ActiveCfg = Release|Any CPU
		{7BE1E339-E3F6-459D-80B0-7EA5C627AE1A}.Release|Any CPU.Build.0 = Release|Any CPU
		{EC74B5D5-503D-4360-A47B-6B608617F8C0}.Debug|Any CPU.ActiveCfg = Debug|Any CPU
		{EC74B5D5-503D-4360-A47B-6B608617F8C0}.Debug|Any CPU.Build.0 = Debug|Any CPU
		{EC74B5D5-503D-4360-A47B-6B608617F8C0}.Release|Any CPU.ActiveCfg = Release|Any CPU
		{EC74B5D5-503D-4360-A47B-6B608617F8C0}.Release|Any CPU.Build.0 = Release|Any CPU
		{C9DCE57D-2641-4082-9625-1F48C539BC78}.Debug|Any CPU.ActiveCfg = Debug|Any CPU
		{C9DCE57D-2641-4082-9625-1F48C539BC78}.Debug|Any CPU.Build.0 = Debug|Any CPU
		{C9DCE57D-2641-4082-9625-1F48C539BC78}.Release|Any CPU.ActiveCfg = Release|Any CPU
		{C9DCE57D-2641-4082-9625-1F48C539BC78}.Release|Any CPU.Build.0 = Release|Any CPU
		{16141F55-89F3-4B15-B0AC-58E78262C133}.Debug|Any CPU.ActiveCfg = Debug|Any CPU
		{16141F55-89F3-4B15-B0AC-58E78262C133}.Debug|Any CPU.Build.0 = Debug|Any CPU
		{16141F55-89F3-4B15-B0AC-58E78262C133}.Release|Any CPU.ActiveCfg = Release|Any CPU
		{16141F55-89F3-4B15-B0AC-58E78262C133}.Release|Any CPU.Build.0 = Release|Any CPU
		{F359DA98-7EC8-4FC7-B4EA-C416173928DF}.Debug|Any CPU.ActiveCfg = Debug|Any CPU
		{F359DA98-7EC8-4FC7-B4EA-C416173928DF}.Debug|Any CPU.Build.0 = Debug|Any CPU
		{F359DA98-7EC8-4FC7-B4EA-C416173928DF}.Release|Any CPU.ActiveCfg = Release|Any CPU
		{F359DA98-7EC8-4FC7-B4EA-C416173928DF}.Release|Any CPU.Build.0 = Release|Any CPU
		{D2477E30-3E24-4523-B4A9-2102AB733E25}.Debug|Any CPU.ActiveCfg = Debug|Any CPU
		{D2477E30-3E24-4523-B4A9-2102AB733E25}.Debug|Any CPU.Build.0 = Debug|Any CPU
		{D2477E30-3E24-4523-B4A9-2102AB733E25}.Release|Any CPU.ActiveCfg = Release|Any CPU
		{D2477E30-3E24-4523-B4A9-2102AB733E25}.Release|Any CPU.Build.0 = Release|Any CPU
		{D8F450A6-95EF-4FD0-B585-9ED2449F78B1}.Debug|Any CPU.ActiveCfg = Debug|Any CPU
		{D8F450A6-95EF-4FD0-B585-9ED2449F78B1}.Debug|Any CPU.Build.0 = Debug|Any CPU
		{D8F450A6-95EF-4FD0-B585-9ED2449F78B1}.Release|Any CPU.ActiveCfg = Release|Any CPU
		{D8F450A6-95EF-4FD0-B585-9ED2449F78B1}.Release|Any CPU.Build.0 = Release|Any CPU
		{0C1C7FE4-9B9D-422B-94A9-C58570299EBD}.Debug|Any CPU.ActiveCfg = Debug|Any CPU
		{0C1C7FE4-9B9D-422B-94A9-C58570299EBD}.Debug|Any CPU.Build.0 = Debug|Any CPU
		{0C1C7FE4-9B9D-422B-94A9-C58570299EBD}.Release|Any CPU.ActiveCfg = Release|Any CPU
		{0C1C7FE4-9B9D-422B-94A9-C58570299EBD}.Release|Any CPU.Build.0 = Release|Any CPU
		{D4637465-6D60-4D7B-B59D-CBEDC717BF67}.Debug|Any CPU.ActiveCfg = Debug|Any CPU
		{D4637465-6D60-4D7B-B59D-CBEDC717BF67}.Debug|Any CPU.Build.0 = Debug|Any CPU
		{D4637465-6D60-4D7B-B59D-CBEDC717BF67}.Release|Any CPU.ActiveCfg = Release|Any CPU
		{D4637465-6D60-4D7B-B59D-CBEDC717BF67}.Release|Any CPU.Build.0 = Release|Any CPU
		{F26793D8-5F4E-4CEB-9C3F-75259C0F7AD7}.Debug|Any CPU.ActiveCfg = Debug|Any CPU
		{F26793D8-5F4E-4CEB-9C3F-75259C0F7AD7}.Debug|Any CPU.Build.0 = Debug|Any CPU
		{F26793D8-5F4E-4CEB-9C3F-75259C0F7AD7}.Release|Any CPU.ActiveCfg = Release|Any CPU
		{F26793D8-5F4E-4CEB-9C3F-75259C0F7AD7}.Release|Any CPU.Build.0 = Release|Any CPU
		{BCCBA987-C0AD-4F7F-963B-B18EAFAD1033}.Debug|Any CPU.ActiveCfg = Debug|Any CPU
		{BCCBA987-C0AD-4F7F-963B-B18EAFAD1033}.Debug|Any CPU.Build.0 = Debug|Any CPU
		{BCCBA987-C0AD-4F7F-963B-B18EAFAD1033}.Release|Any CPU.ActiveCfg = Release|Any CPU
		{BCCBA987-C0AD-4F7F-963B-B18EAFAD1033}.Release|Any CPU.Build.0 = Release|Any CPU
	EndGlobalSection
	GlobalSection(SolutionProperties) = preSolution
		HideSolutionNode = FALSE
	EndGlobalSection
	GlobalSection(ExtensibilityGlobals) = postSolution
		SolutionGuid = {A092C23B-0DEB-44B8-9129-AFDD2AB7ED97}
	EndGlobalSection
EndGlobal
